uuid: a5a2527c-b675-4d73-8886-b86d301b8dd8
langcode: en
status: true
dependencies:
  content:
    - 'block_content:block_add_form:920598ce-9ef5-4255-8bad-f3dfdbc33ef2'
  module:
    - block_class
    - block_content
  theme:
    - sunshine
third_party_settings:
  block_class:
    classes: newsletter-signup
id: newslettersignupblock
theme: sunshine
region: footer_third
weight: -7
provider: null
plugin: 'block_content:920598ce-9ef5-4255-8bad-f3dfdbc33ef2'
settings:
  id: 'block_content:920598ce-9ef5-4255-8bad-f3dfdbc33ef2'
  label: 'Newsletter - Signup Block'
  provider: block_content
  label_display: '0'
  status: true
  info: ''
  view_mode: full
visibility: {  }
