uuid: e5d013d2-522e-4975-be51-b83a6684c333
langcode: en
status: true
dependencies:
  module:
    - block_class
    - open_readspeaker
  theme:
    - stark
third_party_settings:
  block_class:
    classes: readspeaker
id: stark_openreadspeakerblock
theme: stark
region: sidebar_first
weight: -4
provider: null
plugin: open_readspeaker_block
settings:
  id: open_readspeaker_block
  label: 'Open readspeaker block'
  provider: open_readspeaker
  label_display: '0'
  open_readspeaker_buttonstyle: open-readspeaker-button
  open_readspeaker_buttontext: Listen
  open_readspeaker_reading_area: content
  open_readspeaker_reading_area_class: region-content
visibility: {  }
