uuid: bfa9d744-0f50-421f-bf8a-4b609e245ae6
langcode: en
status: true
dependencies:
  config:
    - field.storage.paragraph.field_service_block
    - paragraphs.paragraphs_type.service_block
    - paragraphs.paragraphs_type.services_blocks
  module:
    - entity_reference_revisions
id: paragraph.services_blocks.field_service_block
field_name: field_service_block
entity_type: paragraph
bundle: services_blocks
label: 'Service Block'
description: ''
required: false
translatable: false
default_value: {  }
default_value_callback: ''
settings:
  handler: 'default:paragraph'
  handler_settings:
    negate: 0
    target_bundles:
      service_block: service_block
    target_bundles_drag_drop:
      paragraph_add_view:
        weight: 33
        enabled: false
      paragraph_call_to_action:
        weight: 34
        enabled: false
      paragraph_careers:
        weight: 35
        enabled: false
      paragraph_center_image_text_bloc:
        weight: 36
        enabled: false
      paragraph_contact_form_address:
        weight: 37
        enabled: false
      paragraph_faq_fields:
        weight: 38
        enabled: false
      paragraph_find_us:
        weight: 39
        enabled: false
      paragraph_history_block:
        weight: 40
        enabled: false
      paragraph_home_page_slider:
        weight: 41
        enabled: false
      paragraph_icon_heading_descripti:
        weight: 42
        enabled: false
      paragraph_icon_text_link_block:
        weight: 43
        enabled: false
      paragraph_image_left_right_text_:
        weight: 44
        enabled: false
      paragraph_image_text:
        weight: 45
        enabled: false
      paragraph_image_text_description:
        weight: 46
        enabled: false
      paragraph_just_image:
        weight: 47
        enabled: false
      paragraph_left_aligned_text_bloc:
        weight: 48
        enabled: false
      paragraph_overview_image_text_li:
        weight: 49
        enabled: false
      paragraph_quote_block:
        weight: 50
        enabled: false
      paragraph_reference_block:
        weight: 51
        enabled: false
      paragraph_tabbed_block:
        weight: 52
        enabled: false
      paragraph_team_block:
        weight: 53
        enabled: false
      paragraph_test:
        weight: 54
        enabled: false
      paragraph_testimonial_quote_bloc:
        weight: 55
        enabled: false
      paragraph_text_block:
        weight: 56
        enabled: false
      paragraph_text_block_two_columns:
        weight: 57
        enabled: false
      paragraph_text_image_right_slide:
        weight: 58
        enabled: false
      paragraph_title_description:
        weight: 59
        enabled: false
      request_a_quote:
        weight: 60
        enabled: false
      service_block:
        enabled: true
        weight: 61
      service_icon:
        weight: 62
        enabled: false
      service_icons:
        weight: 63
        enabled: false
      services_blocks:
        weight: 64
        enabled: false
field_type: entity_reference_revisions
