uuid: 55e7a39d-ddc1-4011-996d-a6ea472a4945
langcode: en
status: true
dependencies:
  config:
    - field.storage.paragraph.field_para_exposed_filter_block
    - paragraphs.paragraphs_type.paragraph_general_block
id: paragraph.paragraph_general_block.field_para_exposed_filter_block
field_name: field_para_exposed_filter_block
entity_type: paragraph
bundle: paragraph_general_block
label: 'Paragraph - Exposed Filter Block'
description: ''
required: false
translatable: false
default_value: {  }
default_value_callback: ''
settings:
  handler: 'default:block'
  handler_settings:
    target_bundles: null
    auto_create: false
field_type: entity_reference
